{
  "name": "date-renderer",
  "version": "1.1.1-beta.0",
  "lockfileVersion": 2,
  "requires": true,
  "packages": {
    "": {
      "name": "date-renderer",
      "version": "1.1.1-beta.0",
      "license": "ISC",
      "dependencies": {
        "@harutyunhayrapetyanst/date-logic": "^2.2.0"
      }
    },
    "node_modules/@harutyunhayrapetyanst/date-logic": {
      "version": "2.1.1",
      "resolved": "https://npm.pkg.github.com/download/@harutyunhayrapetyanst/date-logic/2.1.1/5a1238cd03c76028fe4bc03f02605e65bd645918",
      "integrity": "sha512-z4DA4D2vay85MNRU5bHkVpzYOLxR24UppdXg3lwwWwnUlWwfeOTcO97QQ9jmAubgCz6NIlwGJ+eON7T+Bwn0IA==",
      "license": "ISC"
    }
  },
  "dependencies": {
    "@harutyunhayrapetyanst/date-logic": {
      "version": "2.1.1",
      "resolved": "https://npm.pkg.github.com/download/@harutyunhayrapetyanst/date-logic/2.1.1/5a1238cd03c76028fe4bc03f02605e65bd645918",
      "integrity": "sha512-z4DA4D2vay85MNRU5bHkVpzYOLxR24UppdXg3lwwWwnUlWwfeOTcO97QQ9jmAubgCz6NIlwGJ+eON7T+Bwn0IA=="
    }
  }
}
